
Microsoft Visual Studio Solution File, Format Version 12.00
# Visual Studio 2013
VisualStudioVersion = 12.0.31101.0
MinimumVisualStudioVersion = 10.0.40219.1
Project("{FAE04EC0-301F-11D3-BF4B-00C04F79EFBC}") = "NeatCat", "NeatCat\NeatCat.csproj", "{58AF73E5-1BA3-43F3-8957-083FB6077853}"
EndProject
Project("{FAE04EC0-301F-11D3-BF4B-00C04F79EFBC}") = "NeatCat.Tests", "NeatCat.Tests\NeatCat.Tests.csproj", "{581143D9-CEA9-4C98-A145-6D091A9927B5}"
EndProject
Global
	GlobalSection(SolutionConfigurationPlatforms) = preSolution
		Debug|Any CPU = Debug|Any CPU
		Release|Any CPU = Release|Any CPU
	EndGlobalSection
	GlobalSection(ProjectConfigurationPlatforms) = postSolution
		{58AF73E5-1BA3-43F3-8957-083FB6077853}.Debug|Any CPU.ActiveCfg = Debug|Any CPU
		{58AF73E5-1BA3-43F3-8957-083FB6077853}.Debug|Any CPU.Build.0 = Debug|Any CPU
		{58AF73E5-1BA3-43F3-8957-083FB6077853}.Release|Any CPU.ActiveCfg = Release|Any CPU
		{58AF73E5-1BA3-43F3-8957-083FB6077853}.Release|Any CPU.Build.0 = Release|Any CPU
		{581143D9-CEA9-4C98-A145-6D091A9927B5}.Debug|Any CPU.ActiveCfg = Debug|Any CPU
		{581143D9-CEA9-4C98-A145-6D091A9927B5}.Debug|Any CPU.Build.0 = Debug|Any CPU
		{581143D9-CEA9-4C98-A145-6D091A9927B5}.Release|Any CPU.ActiveCfg = Release|Any CPU
		{581143D9-CEA9-4C98-A145-6D091A9927B5}.Release|Any CPU.Build.0 = Release|Any CPU
	EndGlobalSection
	GlobalSection(SolutionProperties) = preSolution
		HideSolutionNode = FALSE
	EndGlobalSection
EndGlobal
